
Microsoft Visual Studio Solution File, Format Version 12.00
# Visual Studio Version 17
VisualStudioVersion = 17.5.33414.496
MinimumVisualStudioVersion = 10.0.40219.1
Project("{8BC9CEB8-8B4A-11D0-8D11-00A0C91BC942}") = "NativeClasses", "NativeClasses\NativeClasses.vcxproj", "{98E32816-D131-4406-BB36-466221938325}"
EndProject
Project("{8BC9CEB8-8B4A-11D0-8D11-00A0C91BC942}") = "Task1", "Task1\Task1.vcxproj", "{30788F0C-BAA7-4661-8EBF-19C139951E7D}"
EndProject
Project("{8BC9CEB8-8B4A-11D0-8D11-00A0C91BC942}") = "Task2", "Task2\Task2.vcxproj", "{4EE02827-9521-429A-8883-CDBB39B02BE8}"
EndProject
Project("{8BC9CEB8-8B4A-11D0-8D11-00A0C91BC942}") = "Task3", "Task3\Task3.vcxproj", "{60AE510B-0188-4D3E-AB85-4EA7A5341B55}"
EndProject
Project("{8BC9CEB8-8B4A-11D0-8D11-00A0C91BC942}") = "Task4", "Task4\Task4.vcxproj", "{A137A3E3-18F3-44A8-8889-4545160C90EC}"
EndProject
Project("{8BC9CEB8-8B4A-11D0-8D11-00A0C91BC942}") = "Task5", "Task5\Task5.vcxproj", "{F8CBB0DF-AF57-4C6E-8973-5DFBAF6CF721}"
EndProject
Project("{8BC9CEB8-8B4A-11D0-8D11-00A0C91BC942}") = "Task6", "Task6\Task6.vcxproj", "{A5666BFF-8E45-49B3-B057-922547807018}"
EndProject
Project("{8BC9CEB8-8B4A-11D0-8D11-00A0C91BC942}") = "Task7", "Task7\Task7.vcxproj", "{720111E9-44B5-4373-B37F-41575DC87C11}"
EndProject
Project("{8BC9CEB8-8B4A-11D0-8D11-00A0C91BC942}") = "Task8", "Task8\Task8.vcxproj", "{2DAC1699-D50A-4B8E-ACD6-6C760A0E943D}"
EndProject
Project("{8BC9CEB8-8B4A-11D0-8D11-00A0C91BC942}") = "Task10", "Task10\Task10.vcxproj", "{5BAAE98F-28A4-49E2-B999-4D207BD323F0}"
EndProject
Project("{8BC9CEB8-8B4A-11D0-8D11-00A0C91BC942}") = "Task11", "Task11\Task11.vcxproj", "{4401DB09-048B-43C2-BC96-F9B8428579BE}"
EndProject
Global
	GlobalSection(SolutionConfigurationPlatforms) = preSolution
		Debug|x64 = Debug|x64
		Debug|x86 = Debug|x86
		Release|x64 = Release|x64
		Release|x86 = Release|x86
	EndGlobalSection
	GlobalSection(ProjectConfigurationPlatforms) = postSolution
		{98E32816-D131-4406-BB36-466221938325}.Debug|x64.ActiveCfg = Debug|x64
		{98E32816-D131-4406-BB36-466221938325}.Debug|x64.Build.0 = Debug|x64
		{98E32816-D131-4406-BB36-466221938325}.Debug|x86.ActiveCfg = Debug|Win32
		{98E32816-D131-4406-BB36-466221938325}.Debug|x86.Build.0 = Debug|Win32
		{98E32816-D131-4406-BB36-466221938325}.Release|x64.ActiveCfg = Release|x64
		{98E32816-D131-4406-BB36-466221938325}.Release|x64.Build.0 = Release|x64
		{98E32816-D131-4406-BB36-466221938325}.Release|x86.ActiveCfg = Release|Win32
		{98E32816-D131-4406-BB36-466221938325}.Release|x86.Build.0 = Release|Win32
		{30788F0C-BAA7-4661-8EBF-19C139951E7D}.Debug|x64.ActiveCfg = Debug|x64
		{30788F0C-BAA7-4661-8EBF-19C139951E7D}.Debug|x64.Build.0 = Debug|x64
		{30788F0C-BAA7-4661-8EBF-19C139951E7D}.Debug|x86.ActiveCfg = Debug|Win32
		{30788F0C-BAA7-4661-8EBF-19C139951E7D}.Debug|x86.Build.0 = Debug|Win32
		{30788F0C-BAA7-4661-8EBF-19C139951E7D}.Release|x64.ActiveCfg = Release|x64
		{30788F0C-BAA7-4661-8EBF-19C139951E7D}.Release|x64.Build.0 = Release|x64
		{30788F0C-BAA7-4661-8EBF-19C139951E7D}.Release|x86.ActiveCfg = Release|Win32
		{30788F0C-BAA7-4661-8EBF-19C139951E7D}.Release|x86.Build.0 = Release|Win32
		{4EE02827-9521-429A-8883-CDBB39B02BE8}.Debug|x64.ActiveCfg = Debug|x64
		{4EE02827-9521-429A-8883-CDBB39B02BE8}.Debug|x64.Build.0 = Debug|x64
		{4EE02827-9521-429A-8883-CDBB39B02BE8}.Debug|x86.ActiveCfg = Debug|Win32
		{4EE02827-9521-429A-8883-CDBB39B02BE8}.Debug|x86.Build.0 = Debug|Win32
		{4EE02827-9521-429A-8883-CDBB39B02BE8}.Release|x64.ActiveCfg = Release|x64
		{4EE02827-9521-429A-8883-CDBB39B02BE8}.Release|x64.Build.0 = Release|x64
		{4EE02827-9521-429A-8883-CDBB39B02BE8}.Release|x86.ActiveCfg = Release|Win32
		{4EE02827-9521-429A-8883-CDBB39B02BE8}.Release|x86.Build.0 = Release|Win32
		{60AE510B-0188-4D3E-AB85-4EA7A5341B55}.Debug|x64.ActiveCfg = Debug|x64
		{60AE510B-0188-4D3E-AB85-4EA7A5341B55}.Debug|x64.Build.0 = Debug|x64
		{60AE510B-0188-4D3E-AB85-4EA7A5341B55}.Debug|x86.ActiveCfg = Debug|Win32
		{60AE510B-0188-4D3E-AB85-4EA7A5341B55}.Debug|x86.Build.0 = Debug|Win32
		{60AE510B-0188-4D3E-AB85-4EA7A5341B55}.Release|x64.ActiveCfg = Release|x64
		{60AE510B-0188-4D3E-AB85-4EA7A5341B55}.Release|x64.Build.0 = Release|x64
		{60AE510B-0188-4D3E-AB85-4EA7A5341B55}.Release|x86.ActiveCfg = Release|Win32
		{60AE510B-0188-4D3E-AB85-4EA7A5341B55}.Release|x86.Build.0 = Release|Win32
		{A137A3E3-18F3-44A8-8889-4545160C90EC}.Debug|x64.ActiveCfg = Debug|x64
		{A137A3E3-18F3-44A8-8889-4545160C90EC}.Debug|x64.Build.0 = Debug|x64
		{A137A3E3-18F3-44A8-8889-4545160C90EC}.Debug|x86.ActiveCfg = Debug|Win32
		{A137A3E3-18F3-44A8-8889-4545160C90EC}.Debug|x86.Build.0 = Debug|Win32
		{A137A3E3-18F3-44A8-8889-4545160C90EC}.Release|x64.ActiveCfg = Release|x64
		{A137A3E3-18F3-44A8-8889-4545160C90EC}.Release|x64.Build.0 = Release|x64
		{A137A3E3-18F3-44A8-8889-4545160C90EC}.Release|x86.ActiveCfg = Release|Win32
		{A137A3E3-18F3-44A8-8889-4545160C90EC}.Release|x86.Build.0 = Release|Win32
		{F8CBB0DF-AF57-4C6E-8973-5DFBAF6CF721}.Debug|x64.ActiveCfg = Debug|x64
		{F8CBB0DF-AF57-4C6E-8973-5DFBAF6CF721}.Debug|x64.Build.0 = Debug|x64
		{F8CBB0DF-AF57-4C6E-8973-5DFBAF6CF721}.Debug|x86.ActiveCfg = Debug|Win32
		{F8CBB0DF-AF57-4C6E-8973-5DFBAF6CF721}.Debug|x86.Build.0 = Debug|Win32
		{F8CBB0DF-AF57-4C6E-8973-5DFBAF6CF721}.Release|x64.ActiveCfg = Release|x64
		{F8CBB0DF-AF57-4C6E-8973-5DFBAF6CF721}.Release|x64.Build.0 = Release|x64
		{F8CBB0DF-AF57-4C6E-8973-5DFBAF6CF721}.Release|x86.ActiveCfg = Release|Win32
		{F8CBB0DF-AF57-4C6E-8973-5DFBAF6CF721}.Release|x86.Build.0 = Release|Win32
		{A5666BFF-8E45-49B3-B057-922547807018}.Debug|x64.ActiveCfg = Debug|x64
		{A5666BFF-8E45-49B3-B057-922547807018}.Debug|x64.Build.0 = Debug|x64
		{A5666BFF-8E45-49B3-B057-922547807018}.Debug|x86.ActiveCfg = Debug|Win32
		{A5666BFF-8E45-49B3-B057-922547807018}.Debug|x86.Build.0 = Debug|Win32
		{A5666BFF-8E45-49B3-B057-922547807018}.Release|x64.ActiveCfg = Release|x64
		{A5666BFF-8E45-49B3-B057-922547807018}.Release|x64.Build.0 = Release|x64
		{A5666BFF-8E45-49B3-B057-922547807018}.Release|x86.ActiveCfg = Release|Win32
		{A5666BFF-8E45-49B3-B057-922547807018}.Release|x86.Build.0 = Release|Win32
		{720111E9-44B5-4373-B37F-41575DC87C11}.Debug|x64.ActiveCfg = Debug|x64
		{720111E9-44B5-4373-B37F-41575DC87C11}.Debug|x64.Build.0 = Debug|x64
		{720111E9-44B5-4373-B37F-41575DC87C11}.Debug|x86.ActiveCfg = Debug|Win32
		{720111E9-44B5-4373-B37F-41575DC87C11}.Debug|x86.Build.0 = Debug|Win32
		{720111E9-44B5-4373-B37F-41575DC87C11}.Release|x64.ActiveCfg = Release|x64
		{720111E9-44B5-4373-B37F-41575DC87C11}.Release|x64.Build.0 = Release|x64
		{720111E9-44B5-4373-B37F-41575DC87C11}.Release|x86.ActiveCfg = Release|Win32
		{720111E9-44B5-4373-B37F-41575DC87C11}.Release|x86.Build.0 = Release|Win32
		{2DAC1699-D50A-4B8E-ACD6-6C760A0E943D}.Debug|x64.ActiveCfg = Debug|x64
		{2DAC1699-D50A-4B8E-ACD6-6C760A0E943D}.Debug|x64.Build.0 = Debug|x64
		{2DAC1699-D50A-4B8E-ACD6-6C760A0E943D}.Debug|x86.ActiveCfg = Debug|Win32
		{2DAC1699-D50A-4B8E-ACD6-6C760A0E943D}.Debug|x86.Build.0 = Debug|Win32
		{2DAC1699-D50A-4B8E-ACD6-6C760A0E943D}.Release|x64.ActiveCfg = Release|x64
		{2DAC1699-D50A-4B8E-ACD6-6C760A0E943D}.Release|x64.Build.0 = Release|x64
		{2DAC1699-D50A-4B8E-ACD6-6C760A0E943D}.Release|x86.ActiveCfg = Release|Win32
		{2DAC1699-D50A-4B8E-ACD6-6C760A0E943D}.Release|x86.Build.0 = Release|Win32
		{5BAAE98F-28A4-49E2-B999-4D207BD323F0}.Debug|x64.ActiveCfg = Debug|x64
		{5BAAE98F-28A4-49E2-B999-4D207BD323F0}.Debug|x64.Build.0 = Debug|x64
		{5BAAE98F-28A4-49E2-B999-4D207BD323F0}.Debug|x86.ActiveCfg = Debug|Win32
		{5BAAE98F-28A4-49E2-B999-4D207BD323F0}.Debug|x86.Build.0 = Debug|Win32
		{5BAAE98F-28A4-49E2-B999-4D207BD323F0}.Release|x64.ActiveCfg = Release|x64
		{5BAAE98F-28A4-49E2-B999-4D207BD323F0}.Release|x64.Build.0 = Release|x64
		{5BAAE98F-28A4-49E2-B999-4D207BD323F0}.Release|x86.ActiveCfg = Release|Win32
		{5BAAE98F-28A4-49E2-B999-4D207BD323F0}.Release|x86.Build.0 = Release|Win32
		{4401DB09-048B-43C2-BC96-F9B8428579BE}.Debug|x64.ActiveCfg = Debug|x64
		{4401DB09-048B-43C2-BC96-F9B8428579BE}.Debug|x64.Build.0 = Debug|x64
		{4401DB09-048B-43C2-BC96-F9B8428579BE}.Debug|x86.ActiveCfg = Debug|Win32
		{4401DB09-048B-43C2-BC96-F9B8428579BE}.Debug|x86.Build.0 = Debug|Win32
		{4401DB09-048B-43C2-BC96-F9B8428579BE}.Release|x64.ActiveCfg = Release|x64
		{4401DB09-048B-43C2-BC96-F9B8428579BE}.Release|x64.Build.0 = Release|x64
		{4401DB09-048B-43C2-BC96-F9B8428579BE}.Release|x86.ActiveCfg = Release|Win32
		{4401DB09-048B-43C2-BC96-F9B8428579BE}.Release|x86.Build.0 = Release|Win32
	EndGlobalSection
	GlobalSection(SolutionProperties) = preSolution
		HideSolutionNode = FALSE
	EndGlobalSection
	GlobalSection(ExtensibilityGlobals) = postSolution
		SolutionGuid = {FAB4EBDE-DFE1-49C7-A517-F17949612282}
	EndGlobalSection
EndGlobal
